
Microsoft Visual Studio Solution File, Format Version 12.00
# Visual Studio Version 16
VisualStudioVersion = 16.0.30011.22
MinimumVisualStudioVersion = 10.0.40219.1
Project("{9A19103F-16F7-4668-BE54-9A1E7A4F7556}") = "ValueObjectDemo", "ValueObjectDemo\ValueObjectDemo.csproj", "{8186318E-F28E-401A-B369-35BD0C57E0DD}"
EndProject
Project("{FAE04EC0-301F-11D3-BF4B-00C04F79EFBC}") = "EntityDemo", "EntityDemo\EntityDemo.csproj", "{4FAA7EB0-AD7C-433A-8C04-476192B68964}"
EndProject
Global
	GlobalSection(SolutionConfigurationPlatforms) = preSolution
		Debug|Any CPU = Debug|Any CPU
		Release|Any CPU = Release|Any CPU
	EndGlobalSection
	GlobalSection(ProjectConfigurationPlatforms) = postSolution
		{8186318E-F28E-401A-B369-35BD0C57E0DD}.Debug|Any CPU.ActiveCfg = Debug|Any CPU
		{8186318E-F28E-401A-B369-35BD0C57E0DD}.Debug|Any CPU.Build.0 = Debug|Any CPU
		{8186318E-F28E-401A-B369-35BD0C57E0DD}.Release|Any CPU.ActiveCfg = Release|Any CPU
		{8186318E-F28E-401A-B369-35BD0C57E0DD}.Release|Any CPU.Build.0 = Release|Any CPU
		{4FAA7EB0-AD7C-433A-8C04-476192B68964}.Debug|Any CPU.ActiveCfg = Debug|Any CPU
		{4FAA7EB0-AD7C-433A-8C04-476192B68964}.Debug|Any CPU.Build.0 = Debug|Any CPU
		{4FAA7EB0-AD7C-433A-8C04-476192B68964}.Release|Any CPU.ActiveCfg = Release|Any CPU
		{4FAA7EB0-AD7C-433A-8C04-476192B68964}.Release|Any CPU.Build.0 = Release|Any CPU
	EndGlobalSection
	GlobalSection(SolutionProperties) = preSolution
		HideSolutionNode = FALSE
	EndGlobalSection
	GlobalSection(ExtensibilityGlobals) = postSolution
		SolutionGuid = {4DCFEFF8-1774-4546-8F5D-4F850B86AC67}
	EndGlobalSection
EndGlobal
